// !$*UTF8*$!
{
	archiveVersion = 1;
	classes = {
	};
	objectVersion = 55;
	objects = {

/* Begin PBXBuildFile section */
		510FD44827FEA5E900ACACD5 /* AppDelegate.swift in Sources */ = {isa = PBXBuildFile; fileRef = 510FD44727FEA5E900ACACD5 /* AppDelegate.swift */; };
		510FD44A27FEA5E900ACACD5 /* SceneDelegate.swift in Sources */ = {isa = PBXBuildFile; fileRef = 510FD44927FEA5E900ACACD5 /* SceneDelegate.swift */; };
		510FD44C27FEA5E900ACACD5 /* ViewController.swift in Sources */ = {isa = PBXBuildFile; fileRef = 510FD44B27FEA5E900ACACD5 /* ViewController.swift */; };
		510FD44F27FEA5E900ACACD5 /* Main.storyboard in Resources */ = {isa = PBXBuildFile; fileRef = 510FD44D27FEA5E900ACACD5 /* Main.storyboard */; };
		510FD45127FEA5E900ACACD5 /* Assets.xcassets in Resources */ = {isa = PBXBuildFile; fileRef = 510FD45027FEA5E900ACACD5 /* Assets.xcassets */; };
		510FD45427FEA5E900ACACD5 /* LaunchScreen.storyboard in Resources */ = {isa = PBXBuildFile; fileRef = 510FD45227FEA5E900ACACD5 /* LaunchScreen.storyboard */; };
		510FD45F27FEA5E900ACACD5 /* collectionViewTests.swift in Sources */ = {isa = PBXBuildFile; fileRef = 510FD45E27FEA5E900ACACD5 /* collectionViewTests.swift */; };
		510FD46927FEA5E900ACACD5 /* collectionViewUITests.swift in Sources */ = {isa = PBXBuildFile; fileRef = 510FD46827FEA5E900ACACD5 /* collectionViewUITests.swift */; };
		510FD46B27FEA5E900ACACD5 /* collectionViewUITestsLaunchTests.swift in Sources */ = {isa = PBXBuildFile; fileRef = 510FD46A27FEA5E900ACACD5 /* collectionViewUITestsLaunchTests.swift */; };
		510FD47B27FEC1E300ACACD5 /* MyCollectionViewCell.swift in Sources */ = {isa = PBXBuildFile; fileRef = 510FD47927FEC1E300ACACD5 /* MyCollectionViewCell.swift */; };
		510FD47C27FEC1E300ACACD5 /* MyCollectionViewCell.xib in Resources */ = {isa = PBXBuildFile; fileRef = 510FD47A27FEC1E300ACACD5 /* MyCollectionViewCell.xib */; };
		510FD48027FECF9100ACACD5 /* MovieApi.swift in Sources */ = {isa = PBXBuildFile; fileRef = 510FD47F27FECF9100ACACD5 /* MovieApi.swift */; };
		510FD48227FEDB2A00ACACD5 /* .gitignore in Resources */ = {isa = PBXBuildFile; fileRef = 510FD48127FEDB2A00ACACD5 /* .gitignore */; };
		516845A32801B95500BBCF5F /* MovieInfo.swift in Sources */ = {isa = PBXBuildFile; fileRef = 516845A22801B95500BBCF5F /* MovieInfo.swift */; };
		51E6E5E928001ED300342235 /* MovieData.swift in Sources */ = {isa = PBXBuildFile; fileRef = 51E6E5E828001ED300342235 /* MovieData.swift */; };
/* End PBXBuildFile section */

/* Begin PBXContainerItemProxy section */
		510FD45B27FEA5E900ACACD5 /* PBXContainerItemProxy */ = {
			isa = PBXContainerItemProxy;
			containerPortal = 510FD43C27FEA5E900ACACD5 /* Project object */;
			proxyType = 1;
			remoteGlobalIDString = 510FD44327FEA5E900ACACD5;
			remoteInfo = collectionView;
		};
		510FD46527FEA5E900ACACD5 /* PBXContainerItemProxy */ = {
			isa = PBXContainerItemProxy;
			containerPortal = 510FD43C27FEA5E900ACACD5 /* Project object */;
			proxyType = 1;
			remoteGlobalIDString = 510FD44327FEA5E900ACACD5;
			remoteInfo = collectionView;
		};
/* End PBXContainerItemProxy section */

/* Begin PBXFileReference section */
		510FD44427FEA5E900ACACD5 /* collectionView.app */ = {isa = PBXFileReference; explicitFileType = wrapper.application; includeInIndex = 0; path = collectionView.app; sourceTree = BUILT_PRODUCTS_DIR; };
		510FD44727FEA5E900ACACD5 /* AppDelegate.swift */ = {isa = PBXFileReference; lastKnownFileType = sourcecode.swift; path = AppDelegate.swift; sourceTree = "<group>"; };
		510FD44927FEA5E900ACACD5 /* SceneDelegate.swift */ = {isa = PBXFileReference; lastKnownFileType = sourcecode.swift; path = SceneDelegate.swift; sourceTree = "<group>"; };
		510FD44B27FEA5E900ACACD5 /* ViewController.swift */ = {isa = PBXFileReference; lastKnownFileType = sourcecode.swift; path = ViewController.swift; sourceTree = "<group>"; };
		510FD44E27FEA5E900ACACD5 /* Base */ = {isa = PBXFileReference; lastKnownFileType = file.storyboard; name = Base; path = Base.lproj/Main.storyboard; sourceTree = "<group>"; };
		510FD45027FEA5E900ACACD5 /* Assets.xcassets */ = {isa = PBXFileReference; lastKnownFileType = folder.assetcatalog; path = Assets.xcassets; sourceTree = "<group>"; };
		510FD45327FEA5E900ACACD5 /* Base */ = {isa = PBXFileReference; lastKnownFileType = file.storyboard; name = Base; path = Base.lproj/LaunchScreen.storyboard; sourceTree = "<group>"; };
		510FD45527FEA5E900ACACD5 /* Info.plist */ = {isa = PBXFileReference; lastKnownFileType = text.plist.xml; path = Info.plist; sourceTree = "<group>"; };
		510FD45A27FEA5E900ACACD5 /* collectionViewTests.xctest */ = {isa = PBXFileReference; explicitFileType = wrapper.cfbundle; includeInIndex = 0; path = collectionViewTests.xctest; sourceTree = BUILT_PRODUCTS_DIR; };
		510FD45E27FEA5E900ACACD5 /* collectionViewTests.swift */ = {isa = PBXFileReference; lastKnownFileType = sourcecode.swift; path = collectionViewTests.swift; sourceTree = "<group>"; };
		510FD46427FEA5E900ACACD5 /* collectionViewUITests.xctest */ = {isa = PBXFileReference; explicitFileType = wrapper.cfbundle; includeInIndex = 0; path = collectionViewUITests.xctest; sourceTree = BUILT_PRODUCTS_DIR; };
		510FD46827FEA5E900ACACD5 /* collectionViewUITests.swift */ = {isa = PBXFileReference; lastKnownFileType = sourcecode.swift; path = collectionViewUITests.swift; sourceTree = "<group>"; };
		510FD46A27FEA5E900ACACD5 /* collectionViewUITestsLaunchTests.swift */ = {isa = PBXFileReference; lastKnownFileType = sourcecode.swift; path = collectionViewUITestsLaunchTests.swift; sourceTree = "<group>"; };
		510FD47927FEC1E300ACACD5 /* MyCollectionViewCell.swift */ = {isa = PBXFileReference; lastKnownFileType = sourcecode.swift; path = MyCollectionViewCell.swift; sourceTree = "<group>"; };
		510FD47A27FEC1E300ACACD5 /* MyCollectionViewCell.xib */ = {isa = PBXFileReference; lastKnownFileType = file.xib; path = MyCollectionViewCell.xib; sourceTree = "<group>"; };
		510FD47F27FECF9100ACACD5 /* MovieApi.swift */ = {isa = PBXFileReference; lastKnownFileType = sourcecode.swift; path = MovieApi.swift; sourceTree = "<group>"; };
		510FD48127FEDB2A00ACACD5 /* .gitignore */ = {isa = PBXFileReference; lastKnownFileType = text; path = .gitignore; sourceTree = "<group>"; };
		516845A22801B95500BBCF5F /* MovieInfo.swift */ = {isa = PBXFileReference; lastKnownFileType = sourcecode.swift; path = MovieInfo.swift; sourceTree = "<group>"; };
		51E6E5E828001ED300342235 /* MovieData.swift */ = {isa = PBXFileReference; lastKnownFileType = sourcecode.swift; path = MovieData.swift; sourceTree = "<group>"; };
/* End PBXFileReference section */

/* Begin PBXFrameworksBuildPhase section */
		510FD44127FEA5E900ACACD5 /* Frameworks */ = {
			isa = PBXFrameworksBuildPhase;
			buildActionMask = 2147483647;
			files = (
			);
			runOnlyForDeploymentPostprocessing = 0;
		};
		510FD45727FEA5E900ACACD5 /* Frameworks */ = {
			isa = PBXFrameworksBuildPhase;
			buildActionMask = 2147483647;
			files = (
			);
			runOnlyForDeploymentPostprocessing = 0;
		};
		510FD46127FEA5E900ACACD5 /* Frameworks */ = {
			isa = PBXFrameworksBuildPhase;
			buildActionMask = 2147483647;
			files = (
			);
			runOnlyForDeploymentPostprocessing = 0;
		};
/* End PBXFrameworksBuildPhase section */

/* Begin PBXGroup section */
		510FD43B27FEA5E900ACACD5 = {
			isa = PBXGroup;
			children = (
				510FD48127FEDB2A00ACACD5 /* .gitignore */,
				510FD44627FEA5E900ACACD5 /* collectionView */,
				510FD45D27FEA5E900ACACD5 /* collectionViewTests */,
				510FD46727FEA5E900ACACD5 /* collectionViewUITests */,
				510FD44527FEA5E900ACACD5 /* Products */,
			);
			sourceTree = "<group>";
		};
		510FD44527FEA5E900ACACD5 /* Products */ = {
			isa = PBXGroup;
			children = (
				510FD44427FEA5E900ACACD5 /* collectionView.app */,
				510FD45A27FEA5E900ACACD5 /* collectionViewTests.xctest */,
				510FD46427FEA5E900ACACD5 /* collectionViewUITests.xctest */,
			);
			name = Products;
			sourceTree = "<group>";
		};
		510FD44627FEA5E900ACACD5 /* collectionView */ = {
			isa = PBXGroup;
			children = (
				51E6E5ED2801B5C700342235 /* viewControllers */,
				51E6E5EA2801A31200342235 /* movieData */,
				510FD44727FEA5E900ACACD5 /* AppDelegate.swift */,
				510FD44927FEA5E900ACACD5 /* SceneDelegate.swift */,
				510FD45227FEA5E900ACACD5 /* LaunchScreen.storyboard */,
				510FD45527FEA5E900ACACD5 /* Info.plist */,
				510FD45027FEA5E900ACACD5 /* Assets.xcassets */,
			);
			path = collectionView;
			sourceTree = "<group>";
		};
		510FD45D27FEA5E900ACACD5 /* collectionViewTests */ = {
			isa = PBXGroup;
			children = (
				510FD45E27FEA5E900ACACD5 /* collectionViewTests.swift */,
			);
			path = collectionViewTests;
			sourceTree = "<group>";
		};
		510FD46727FEA5E900ACACD5 /* collectionViewUITests */ = {
			isa = PBXGroup;
			children = (
				510FD46827FEA5E900ACACD5 /* collectionViewUITests.swift */,
				510FD46A27FEA5E900ACACD5 /* collectionViewUITestsLaunchTests.swift */,
			);
			path = collectionViewUITests;
			sourceTree = "<group>";
		};
		51E6E5EA2801A31200342235 /* movieData */ = {
			isa = PBXGroup;
			children = (
				51E6E5E828001ED300342235 /* MovieData.swift */,
				510FD47F27FECF9100ACACD5 /* MovieApi.swift */,
			);
			path = movieData;
			sourceTree = "<group>";
		};
		51E6E5ED2801B5C700342235 /* viewControllers */ = {
			isa = PBXGroup;
			children = (
				510FD44B27FEA5E900ACACD5 /* ViewController.swift */,
				516845A22801B95500BBCF5F /* MovieInfo.swift */,
				510FD47927FEC1E300ACACD5 /* MyCollectionViewCell.swift */,
				510FD44D27FEA5E900ACACD5 /* Main.storyboard */,
				510FD47A27FEC1E300ACACD5 /* MyCollectionViewCell.xib */,
			);
			path = viewControllers;
			sourceTree = "<group>";
		};
/* End PBXGroup section */

/* Begin PBXNativeTarget section */
		510FD44327FEA5E900ACACD5 /* collectionView */ = {
			isa = PBXNativeTarget;
			buildConfigurationList = 510FD46E27FEA5E900ACACD5 /* Build configuration list for PBXNativeTarget "collectionView" */;
			buildPhases = (
				510FD44027FEA5E900ACACD5 /* Sources */,
				510FD44127FEA5E900ACACD5 /* Frameworks */,
				510FD44227FEA5E900ACACD5 /* Resources */,
			);
			buildRules = (
			);
			dependencies = (
			);
			name = collectionView;
			productName = collectionView;
			productReference = 510FD44427FEA5E900ACACD5 /* collectionView.app */;
			productType = "com.apple.product-type.application";
		};
		510FD45927FEA5E900ACACD5 /* collectionViewTests */ = {
			isa = PBXNativeTarget;
			buildConfigurationList = 510FD47127FEA5E900ACACD5 /* Build configuration list for PBXNativeTarget "collectionViewTests" */;
			buildPhases = (
				510FD45627FEA5E900ACACD5 /* Sources */,
				510FD45727FEA5E900ACACD5 /* Frameworks */,
				510FD45827FEA5E900ACACD5 /* Resources */,
			);
			buildRules = (
			);
			dependencies = (
				510FD45C27FEA5E900ACACD5 /* PBXTargetDependency */,
			);
			name = collectionViewTests;
			productName = collectionViewTests;
			productReference = 510FD45A27FEA5E900ACACD5 /* collectionViewTests.xctest */;
			productType = "com.apple.product-type.bundle.unit-test";
		};
		510FD46327FEA5E900ACACD5 /* collectionViewUITests */ = {
			isa = PBXNativeTarget;
			buildConfigurationList = 510FD47427FEA5E900ACACD5 /* Build configuration list for PBXNativeTarget "collectionViewUITests" */;
			buildPhases = (
				510FD46027FEA5E900ACACD5 /* Sources */,
				510FD46127FEA5E900ACACD5 /* Frameworks */,
				510FD46227FEA5E900ACACD5 /* Resources */,
			);
			buildRules = (
			);
			dependencies = (
				510FD46627FEA5E900ACACD5 /* PBXTargetDependency */,
			);
			name = collectionViewUITests;
			productName = collectionViewUITests;
			productReference = 510FD46427FEA5E900ACACD5 /* collectionViewUITests.xctest */;
			productType = "com.apple.product-type.bundle.ui-testing";
		};
/* End PBXNativeTarget section */

/* Begin PBXProject section */
		510FD43C27FEA5E900ACACD5 /* Project object */ = {
			isa = PBXProject;
			attributes = {
				BuildIndependentTargetsInParallel = 1;
				LastSwiftUpdateCheck = 1330;
				LastUpgradeCheck = 1330;
				TargetAttributes = {
					510FD44327FEA5E900ACACD5 = {
						CreatedOnToolsVersion = 13.3;
					};
					510FD45927FEA5E900ACACD5 = {
						CreatedOnToolsVersion = 13.3;
						TestTargetID = 510FD44327FEA5E900ACACD5;
					};
					510FD46327FEA5E900ACACD5 = {
						CreatedOnToolsVersion = 13.3;
						TestTargetID = 510FD44327FEA5E900ACACD5;
					};
				};
			};
			buildConfigurationList = 510FD43F27FEA5E900ACACD5 /* Build configuration list for PBXProject "collectionView" */;
			compatibilityVersion = "Xcode 13.0";
			developmentRegion = en;
			hasScannedForEncodings = 0;
			knownRegions = (
				en,
				Base,
			);
			mainGroup = 510FD43B27FEA5E900ACACD5;
			productRefGroup = 510FD44527FEA5E900ACACD5 /* Products */;
			projectDirPath = "";
			projectRoot = "";
			targets = (
				510FD44327FEA5E900ACACD5 /* collectionView */,
				510FD45927FEA5E900ACACD5 /* collectionViewTests */,
				510FD46327FEA5E900ACACD5 /* collectionViewUITests */,
			);
		};
/* End PBXProject section */

/* Begin PBXResourcesBuildPhase section */
		510FD44227FEA5E900ACACD5 /* Resources */ = {
			isa = PBXResourcesBuildPhase;
			buildActionMask = 2147483647;
			files = (
				510FD48227FEDB2A00ACACD5 /* .gitignore in Resources */,
				510FD45427FEA5E900ACACD5 /* LaunchScreen.storyboard in Resources */,
				510FD45127FEA5E900ACACD5 /* Assets.xcassets in Resources */,
				510FD47C27FEC1E300ACACD5 /* MyCollectionViewCell.xib in Resources */,
				510FD44F27FEA5E900ACACD5 /* Main.storyboard in Resources */,
			);
			runOnlyForDeploymentPostprocessing = 0;
		};
		510FD45827FEA5E900ACACD5 /* Resources */ = {
			isa = PBXResourcesBuildPhase;
			buildActionMask = 2147483647;
			files = (
			);
			runOnlyForDeploymentPostprocessing = 0;
		};
		510FD46227FEA5E900ACACD5 /* Resources */ = {
			isa = PBXResourcesBuildPhase;
			buildActionMask = 2147483647;
			files = (
			);
			runOnlyForDeploymentPostprocessing = 0;
		};
/* End PBXResourcesBuildPhase section */

/* Begin PBXSourcesBuildPhase section */
		510FD44027FEA5E900ACACD5 /* Sources */ = {
			isa = PBXSourcesBuildPhase;
			buildActionMask = 2147483647;
			files = (
				516845A32801B95500BBCF5F /* MovieInfo.swift in Sources */,
				51E6E5E928001ED300342235 /* MovieData.swift in Sources */,
				510FD44C27FEA5E900ACACD5 /* ViewController.swift in Sources */,
				510FD47B27FEC1E300ACACD5 /* MyCollectionViewCell.swift in Sources */,
				510FD48027FECF9100ACACD5 /* MovieApi.swift in Sources */,
				510FD44827FEA5E900ACACD5 /* AppDelegate.swift in Sources */,
				510FD44A27FEA5E900ACACD5 /* SceneDelegate.swift in Sources */,
			);
			runOnlyForDeploymentPostprocessing = 0;
		};
		510FD45627FEA5E900ACACD5 /* Sources */ = {
			isa = PBXSourcesBuildPhase;
			buildActionMask = 2147483647;
			files = (
				510FD45F27FEA5E900ACACD5 /* collectionViewTests.swift in Sources */,
			);
			runOnlyForDeploymentPostprocessing = 0;
		};
		510FD46027FEA5E900ACACD5 /* Sources */ = {
			isa = PBXSourcesBuildPhase;
			buildActionMask = 2147483647;
			files = (
				510FD46927FEA5E900ACACD5 /* collectionViewUITests.swift in Sources */,
				510FD46B27FEA5E900ACACD5 /* collectionViewUITestsLaunchTests.swift in Sources */,
			);
			runOnlyForDeploymentPostprocessing = 0;
		};
/* End PBXSourcesBuildPhase section */

/* Begin PBXTargetDependency section */
		510FD45C27FEA5E900ACACD5 /* PBXTargetDependency */ = {
			isa = PBXTargetDependency;
			target = 510FD44327FEA5E900ACACD5 /* collectionView */;
			targetProxy = 510FD45B27FEA5E900ACACD5 /* PBXContainerItemProxy */;
		};
		510FD46627FEA5E900ACACD5 /* PBXTargetDependency */ = {
			isa = PBXTargetDependency;
			target = 510FD44327FEA5E900ACACD5 /* collectionView */;
			targetProxy = 510FD46527FEA5E900ACACD5 /* PBXContainerItemProxy */;
		};
/* End PBXTargetDependency section */

/* Begin PBXVariantGroup section */
		510FD44D27FEA5E900ACACD5 /* Main.storyboard */ = {
			isa = PBXVariantGroup;
			children = (
				510FD44E27FEA5E900ACACD5 /* Base */,
			);
			name = Main.storyboard;
			sourceTree = "<group>";
		};
		510FD45227FEA5E900ACACD5 /* LaunchScreen.storyboard */ = {
			isa = PBXVariantGroup;
			children = (
				510FD45327FEA5E900ACACD5 /* Base */,
			);
			name = LaunchScreen.storyboard;
			sourceTree = "<group>";
		};
/* End PBXVariantGroup section */

/* Begin XCBuildConfiguration section */
		510FD46C27FEA5E900ACACD5 /* Debug */ = {
			isa = XCBuildConfiguration;
			buildSettings = {
				ALWAYS_SEARCH_USER_PATHS = NO;
				CLANG_ANALYZER_NONNULL = YES;
				CLANG_ANALYZER_NUMBER_OBJECT_CONVERSION = YES_AGGRESSIVE;
				CLANG_CXX_LANGUAGE_STANDARD = "gnu++17";
				CLANG_ENABLE_MODULES = YES;
				CLANG_ENABLE_OBJC_ARC = YES;
				CLANG_ENABLE_OBJC_WEAK = YES;
				CLANG_WARN_BLOCK_CAPTURE_AUTORELEASING = YES;
				CLANG_WARN_BOOL_CONVERSION = YES;
				CLANG_WARN_COMMA = YES;
				CLANG_WARN_CONSTANT_CONVERSION = YES;
				CLANG_WARN_DEPRECATED_OBJC_IMPLEMENTATIONS = YES;
				CLANG_WARN_DIRECT_OBJC_ISA_USAGE = YES_ERROR;
				CLANG_WARN_DOCUMENTATION_COMMENTS = YES;
				CLANG_WARN_EMPTY_BODY = YES;
				CLANG_WARN_ENUM_CONVERSION = YES;
				CLANG_WARN_INFINITE_RECURSION = YES;
				CLANG_WARN_INT_CONVERSION = YES;
				CLANG_WARN_NON_LITERAL_NULL_CONVERSION = YES;
				CLANG_WARN_OBJC_IMPLICIT_RETAIN_SELF = YES;
				CLANG_WARN_OBJC_LITERAL_CONVERSION = YES;
				CLANG_WARN_OBJC_ROOT_CLASS = YES_ERROR;
				CLANG_WARN_QUOTED_INCLUDE_IN_FRAMEWORK_HEADER = YES;
				CLANG_WARN_RANGE_LOOP_ANALYSIS = YES;
				CLANG_WARN_STRICT_PROTOTYPES = YES;
				CLANG_WARN_SUSPICIOUS_MOVE = YES;
				CLANG_WARN_UNGUARDED_AVAILABILITY = YES_AGGRESSIVE;
				CLANG_WARN_UNREACHABLE_CODE = YES;
				CLANG_WARN__DUPLICATE_METHOD_MATCH = YES;
				COPY_PHASE_STRIP = NO;
				DEBUG_INFORMATION_FORMAT = dwarf;
				ENABLE_STRICT_OBJC_MSGSEND = YES;
				ENABLE_TESTABILITY = YES;
				GCC_C_LANGUAGE_STANDARD = gnu11;
				GCC_DYNAMIC_NO_PIC = NO;
				GCC_NO_COMMON_BLOCKS = YES;
				GCC_OPTIMIZATION_LEVEL = 0;
				GCC_PREPROCESSOR_DEFINITIONS = (
					"DEBUG=1",
					"$(inherited)",
				);
				GCC_WARN_64_TO_32_BIT_CONVERSION = YES;
				GCC_WARN_ABOUT_RETURN_TYPE = YES_ERROR;
				GCC_WARN_UNDECLARED_SELECTOR = YES;
				GCC_WARN_UNINITIALIZED_AUTOS = YES_AGGRESSIVE;
				GCC_WARN_UNUSED_FUNCTION = YES;
				GCC_WARN_UNUSED_VARIABLE = YES;
				IPHONEOS_DEPLOYMENT_TARGET = 15.4;
				MTL_ENABLE_DEBUG_INFO = INCLUDE_SOURCE;
				MTL_FAST_MATH = YES;
				ONLY_ACTIVE_ARCH = YES;
				SDKROOT = iphoneos;
				SWIFT_ACTIVE_COMPILATION_CONDITIONS = DEBUG;
				SWIFT_OPTIMIZATION_LEVEL = "-Onone";
			};
			name = Debug;
		};
		510FD46D27FEA5E900ACACD5 /* Release */ = {
			isa = XCBuildConfiguration;
			buildSettings = {
				ALWAYS_SEARCH_USER_PATHS = NO;
				CLANG_ANALYZER_NONNULL = YES;
				CLANG_ANALYZER_NUMBER_OBJECT_CONVERSION = YES_AGGRESSIVE;
				CLANG_CXX_LANGUAGE_STANDARD = "gnu++17";
				CLANG_ENABLE_MODULES = YES;
				CLANG_ENABLE_OBJC_ARC = YES;
				CLANG_ENABLE_OBJC_WEAK = YES;
				CLANG_WARN_BLOCK_CAPTURE_AUTORELEASING = YES;
				CLANG_WARN_BOOL_CONVERSION = YES;
				CLANG_WARN_COMMA = YES;
				CLANG_WARN_CONSTANT_CONVERSION = YES;
				CLANG_WARN_DEPRECATED_OBJC_IMPLEMENTATIONS = YES;
				CLANG_WARN_DIRECT_OBJC_ISA_USAGE = YES_ERROR;
				CLANG_WARN_DOCUMENTATION_COMMENTS = YES;
				CLANG_WARN_EMPTY_BODY = YES;
				CLANG_WARN_ENUM_CONVERSION = YES;
				CLANG_WARN_INFINITE_RECURSION = YES;
				CLANG_WARN_INT_CONVERSION = YES;
				CLANG_WARN_NON_LITERAL_NULL_CONVERSION = YES;
				CLANG_WARN_OBJC_IMPLICIT_RETAIN_SELF = YES;
				CLANG_WARN_OBJC_LITERAL_CONVERSION = YES;
				CLANG_WARN_OBJC_ROOT_CLASS = YES_ERROR;
				CLANG_WARN_QUOTED_INCLUDE_IN_FRAMEWORK_HEADER = YES;
				CLANG_WARN_RANGE_LOOP_ANALYSIS = YES;
				CLANG_WARN_STRICT_PROTOTYPES = YES;
				CLANG_WARN_SUSPICIOUS_MOVE = YES;
				CLANG_WARN_UNGUARDED_AVAILABILITY = YES_AGGRESSIVE;
				CLANG_WARN_UNREACHABLE_CODE = YES;
				CLANG_WARN__DUPLICATE_METHOD_MATCH = YES;
				COPY_PHASE_STRIP = NO;
				DEBUG_INFORMATION_FORMAT = "dwarf-with-dsym";
				ENABLE_NS_ASSERTIONS = NO;
				ENABLE_STRICT_OBJC_MSGSEND = YES;
				GCC_C_LANGUAGE_STANDARD = gnu11;
				GCC_NO_COMMON_BLOCKS = YES;
				GCC_WARN_64_TO_32_BIT_CONVERSION = YES;
				GCC_WARN_ABOUT_RETURN_TYPE = YES_ERROR;
				GCC_WARN_UNDECLARED_SELECTOR = YES;
				GCC_WARN_UNINITIALIZED_AUTOS = YES_AGGRESSIVE;
				GCC_WARN_UNUSED_FUNCTION = YES;
				GCC_WARN_UNUSED_VARIABLE = YES;
				IPHONEOS_DEPLOYMENT_TARGET = 15.4;
				MTL_ENABLE_DEBUG_INFO = NO;
				MTL_FAST_MATH = YES;
				SDKROOT = iphoneos;
				SWIFT_COMPILATION_MODE = wholemodule;
				SWIFT_OPTIMIZATION_LEVEL = "-O";
				VALIDATE_PRODUCT = YES;
			};
			name = Release;
		};
		510FD46F27FEA5E900ACACD5 /* Debug */ = {
			isa = XCBuildConfiguration;
			buildSettings = {
				ASSETCATALOG_COMPILER_APPICON_NAME = AppIcon;
				ASSETCATALOG_COMPILER_GLOBAL_ACCENT_COLOR_NAME = AccentColor;
				CODE_SIGN_STYLE = Automatic;
				CURRENT_PROJECT_VERSION = 1;
				DEVELOPMENT_TEAM = GCKKAVV6JM;
				GENERATE_INFOPLIST_FILE = YES;
				INFOPLIST_FILE = collectionView/Info.plist;
				INFOPLIST_KEY_UIApplicationSupportsIndirectInputEvents = YES;
				INFOPLIST_KEY_UILaunchStoryboardName = LaunchScreen;
				INFOPLIST_KEY_UIMainStoryboardFile = Main;
				INFOPLIST_KEY_UISupportedInterfaceOrientations_iPad = "UIInterfaceOrientationPortrait UIInterfaceOrientationPortraitUpsideDown UIInterfaceOrientationLandscapeLeft UIInterfaceOrientationLandscapeRight";
				INFOPLIST_KEY_UISupportedInterfaceOrientations_iPhone = "UIInterfaceOrientationPortrait UIInterfaceOrientationLandscapeLeft UIInterfaceOrientationLandscapeRight";
				LD_RUNPATH_SEARCH_PATHS = (
					"$(inherited)",
					"@executable_path/Frameworks",
				);
				MARKETING_VERSION = 1.0;
				PRODUCT_BUNDLE_IDENTIFIER = daniaaltman.collectionView;
				PRODUCT_NAME = "$(TARGET_NAME)";
				SWIFT_EMIT_LOC_STRINGS = YES;
				SWIFT_VERSION = 5.0;
				TARGETED_DEVICE_FAMILY = 1;
			};
			name = Debug;
		};
		510FD47027FEA5E900ACACD5 /* Release */ = {
			isa = XCBuildConfiguration;
			buildSettings = {
				ASSETCATALOG_COMPILER_APPICON_NAME = AppIcon;
				ASSETCATALOG_COMPILER_GLOBAL_ACCENT_COLOR_NAME = AccentColor;
				CODE_SIGN_STYLE = Automatic;
				CURRENT_PROJECT_VERSION = 1;
				DEVELOPMENT_TEAM = GCKKAVV6JM;
				GENERATE_INFOPLIST_FILE = YES;
				INFOPLIST_FILE = collectionView/Info.plist;
				INFOPLIST_KEY_UIApplicationSupportsIndirectInputEvents = YES;
				INFOPLIST_KEY_UILaunchStoryboardName = LaunchScreen;
				INFOPLIST_KEY_UIMainStoryboardFile = Main;
				INFOPLIST_KEY_UISupportedInterfaceOrientations_iPad = "UIInterfaceOrientationPortrait UIInterfaceOrientationPortraitUpsideDown UIInterfaceOrientationLandscapeLeft UIInterfaceOrientationLandscapeRight";
				INFOPLIST_KEY_UISupportedInterfaceOrientations_iPhone = "UIInterfaceOrientationPortrait UIInterfaceOrientationLandscapeLeft UIInterfaceOrientationLandscapeRight";
				LD_RUNPATH_SEARCH_PATHS = (
					"$(inherited)",
					"@executable_path/Frameworks",
				);
				MARKETING_VERSION = 1.0;
				PRODUCT_BUNDLE_IDENTIFIER = daniaaltman.collectionView;
				PRODUCT_NAME = "$(TARGET_NAME)";
				SWIFT_EMIT_LOC_STRINGS = YES;
				SWIFT_VERSION = 5.0;
				TARGETED_DEVICE_FAMILY = 1;
			};
			name = Release;
		};
		510FD47227FEA5E900ACACD5 /* Debug */ = {
			isa = XCBuildConfiguration;
			buildSettings = {
				ALWAYS_EMBED_SWIFT_STANDARD_LIBRARIES = YES;
				BUNDLE_LOADER = "$(TEST_HOST)";
				CODE_SIGN_STYLE = Automatic;
				CURRENT_PROJECT_VERSION = 1;
				DEVELOPMENT_TEAM = GCKKAVV6JM;
				GENERATE_INFOPLIST_FILE = YES;
				IPHONEOS_DEPLOYMENT_TARGET = 15.4;
				MARKETING_VERSION = 1.0;
				PRODUCT_BUNDLE_IDENTIFIER = daniaaltman.collectionViewTests;
				PRODUCT_NAME = "$(TARGET_NAME)";
				SWIFT_EMIT_LOC_STRINGS = NO;
				SWIFT_VERSION = 5.0;
				TARGETED_DEVICE_FAMILY = "1,2";
				TEST_HOST = "$(BUILT_PRODUCTS_DIR)/collectionView.app/collectionView";
			};
			name = Debug;
		};
		510FD47327FEA5E900ACACD5 /* Release */ = {
			isa = XCBuildConfiguration;
			buildSettings = {
				ALWAYS_EMBED_SWIFT_STANDARD_LIBRARIES = YES;
				BUNDLE_LOADER = "$(TEST_HOST)";
				CODE_SIGN_STYLE = Automatic;
				CURRENT_PROJECT_VERSION = 1;
				DEVELOPMENT_TEAM = GCKKAVV6JM;
				GENERATE_INFOPLIST_FILE = YES;
				IPHONEOS_DEPLOYMENT_TARGET = 15.4;
				MARKETING_VERSION = 1.0;
				PRODUCT_BUNDLE_IDENTIFIER = daniaaltman.collectionViewTests;
				PRODUCT_NAME = "$(TARGET_NAME)";
				SWIFT_EMIT_LOC_STRINGS = NO;
				SWIFT_VERSION = 5.0;
				TARGETED_DEVICE_FAMILY = "1,2";
				TEST_HOST = "$(BUILT_PRODUCTS_DIR)/collectionView.app/collectionView";
			};
			name = Release;
		};
		510FD47527FEA5E900ACACD5 /* Debug */ = {
			isa = XCBuildConfiguration;
			buildSettings = {
				ALWAYS_EMBED_SWIFT_STANDARD_LIBRARIES = YES;
				CODE_SIGN_STYLE = Automatic;
				CURRENT_PROJECT_VERSION = 1;
				DEVELOPMENT_TEAM = GCKKAVV6JM;
				GENERATE_INFOPLIST_FILE = YES;
				MARKETING_VERSION = 1.0;
				PRODUCT_BUNDLE_IDENTIFIER = daniaaltman.collectionViewUITests;
				PRODUCT_NAME = "$(TARGET_NAME)";
				SWIFT_EMIT_LOC_STRINGS = NO;
				SWIFT_VERSION = 5.0;
				TARGETED_DEVICE_FAMILY = "1,2";
				TEST_TARGET_NAME = collectionView;
			};
			name = Debug;
		};
		510FD47627FEA5E900ACACD5 /* Release */ = {
			isa = XCBuildConfiguration;
			buildSettings = {
				ALWAYS_EMBED_SWIFT_STANDARD_LIBRARIES = YES;
				CODE_SIGN_STYLE = Automatic;
				CURRENT_PROJECT_VERSION = 1;
				DEVELOPMENT_TEAM = GCKKAVV6JM;
				GENERATE_INFOPLIST_FILE = YES;
				MARKETING_VERSION = 1.0;
				PRODUCT_BUNDLE_IDENTIFIER = daniaaltman.collectionViewUITests;
				PRODUCT_NAME = "$(TARGET_NAME)";
				SWIFT_EMIT_LOC_STRINGS = NO;
				SWIFT_VERSION = 5.0;
				TARGETED_DEVICE_FAMILY = "1,2";
				TEST_TARGET_NAME = collectionView;
			};
			name = Release;
		};
/* End XCBuildConfiguration section */

/* Begin XCConfigurationList section */
		510FD43F27FEA5E900ACACD5 /* Build configuration list for PBXProject "collectionView" */ = {
			isa = XCConfigurationList;
			buildConfigurations = (
				510FD46C27FEA5E900ACACD5 /* Debug */,
				510FD46D27FEA5E900ACACD5 /* Release */,
			);
			defaultConfigurationIsVisible = 0;
			defaultConfigurationName = Release;
		};
		510FD46E27FEA5E900ACACD5 /* Build configuration list for PBXNativeTarget "collectionView" */ = {
			isa = XCConfigurationList;
			buildConfigurations = (
				510FD46F27FEA5E900ACACD5 /* Debug */,
				510FD47027FEA5E900ACACD5 /* Release */,
			);
			defaultConfigurationIsVisible = 0;
			defaultConfigurationName = Release;
		};
		510FD47127FEA5E900ACACD5 /* Build configuration list for PBXNativeTarget "collectionViewTests" */ = {
			isa = XCConfigurationList;
			buildConfigurations = (
				510FD47227FEA5E900ACACD5 /* Debug */,
				510FD47327FEA5E900ACACD5 /* Release */,
			);
			defaultConfigurationIsVisible = 0;
			defaultConfigurationName = Release;
		};
		510FD47427FEA5E900ACACD5 /* Build configuration list for PBXNativeTarget "collectionViewUITests" */ = {
			isa = XCConfigurationList;
			buildConfigurations = (
				510FD47527FEA5E900ACACD5 /* Debug */,
				510FD47627FEA5E900ACACD5 /* Release */,
			);
			defaultConfigurationIsVisible = 0;
			defaultConfigurationName = Release;
		};
/* End XCConfigurationList section */
	};
	rootObject = 510FD43C27FEA5E900ACACD5 /* Project object */;
}
